
Microsoft Visual Studio Solution File, Format Version 12.00
# Visual Studio Version 16
VisualStudioVersion = 16.0.29613.14
MinimumVisualStudioVersion = 10.0.40219.1
Project("{FAE04EC0-301F-11D3-BF4B-00C04F79EFBC}") = "BE", "BE\BE.csproj", "{F0440165-36CB-4648-9A75-E475C1F019ED}"
EndProject
Project("{FAE04EC0-301F-11D3-BF4B-00C04F79EFBC}") = "DAL", "DAL\DAL.csproj", "{B027BA61-4616-47A3-A212-C91769E9F6CB}"
EndProject
Project("{FAE04EC0-301F-11D3-BF4B-00C04F79EFBC}") = "BL", "BL\BL.csproj", "{96E61F96-B148-4F3F-B571-9D01BB9DBF4E}"
EndProject
Project("{FAE04EC0-301F-11D3-BF4B-00C04F79EFBC}") = "DS", "DS\DS.csproj", "{9B72283E-519D-4FD4-A764-E39843F4CEED}"
EndProject
Project("{FAE04EC0-301F-11D3-BF4B-00C04F79EFBC}") = "PLWPF", "PLWPF\PLWPF.csproj", "{743BBACF-1F29-40F7-B694-F959539ECC29}"
EndProject
Project("{2150E333-8FDC-42A3-9474-1A3956D46DE8}") = "XML_Files", "XML_Files", "{1CAF0511-C32C-48D2-9E94-A16CDEF1A5A4}"
	ProjectSection(SolutionItems) = preProject
		XML_Files\atm.xml = XML_Files\atm.xml
		XML_Files\config.xml = XML_Files\config.xml
		XML_Files\GuestRequests.xml = XML_Files\GuestRequests.xml
		XML_Files\HostingUnits.xml = XML_Files\HostingUnits.xml
		XML_Files\Orders.xml = XML_Files\Orders.xml
	EndProjectSection
EndProject
Global
	GlobalSection(SolutionConfigurationPlatforms) = preSolution
		Debug|Any CPU = Debug|Any CPU
		Release|Any CPU = Release|Any CPU
	EndGlobalSection
	GlobalSection(ProjectConfigurationPlatforms) = postSolution
		{F0440165-36CB-4648-9A75-E475C1F019ED}.Debug|Any CPU.ActiveCfg = Debug|Any CPU
		{F0440165-36CB-4648-9A75-E475C1F019ED}.Debug|Any CPU.Build.0 = Debug|Any CPU
		{F0440165-36CB-4648-9A75-E475C1F019ED}.Release|Any CPU.ActiveCfg = Release|Any CPU
		{F0440165-36CB-4648-9A75-E475C1F019ED}.Release|Any CPU.Build.0 = Release|Any CPU
		{B027BA61-4616-47A3-A212-C91769E9F6CB}.Debug|Any CPU.ActiveCfg = Debug|Any CPU
		{B027BA61-4616-47A3-A212-C91769E9F6CB}.Debug|Any CPU.Build.0 = Debug|Any CPU
		{B027BA61-4616-47A3-A212-C91769E9F6CB}.Release|Any CPU.ActiveCfg = Release|Any CPU
		{B027BA61-4616-47A3-A212-C91769E9F6CB}.Release|Any CPU.Build.0 = Release|Any CPU
		{96E61F96-B148-4F3F-B571-9D01BB9DBF4E}.Debug|Any CPU.ActiveCfg = Debug|Any CPU
		{96E61F96-B148-4F3F-B571-9D01BB9DBF4E}.Debug|Any CPU.Build.0 = Debug|Any CPU
		{96E61F96-B148-4F3F-B571-9D01BB9DBF4E}.Release|Any CPU.ActiveCfg = Release|Any CPU
		{96E61F96-B148-4F3F-B571-9D01BB9DBF4E}.Release|Any CPU.Build.0 = Release|Any CPU
		{9B72283E-519D-4FD4-A764-E39843F4CEED}.Debug|Any CPU.ActiveCfg = Debug|Any CPU
		{9B72283E-519D-4FD4-A764-E39843F4CEED}.Debug|Any CPU.Build.0 = Debug|Any CPU
		{9B72283E-519D-4FD4-A764-E39843F4CEED}.Release|Any CPU.ActiveCfg = Release|Any CPU
		{9B72283E-519D-4FD4-A764-E39843F4CEED}.Release|Any CPU.Build.0 = Release|Any CPU
		{743BBACF-1F29-40F7-B694-F959539ECC29}.Debug|Any CPU.ActiveCfg = Debug|Any CPU
		{743BBACF-1F29-40F7-B694-F959539ECC29}.Debug|Any CPU.Build.0 = Debug|Any CPU
		{743BBACF-1F29-40F7-B694-F959539ECC29}.Release|Any CPU.ActiveCfg = Release|Any CPU
		{743BBACF-1F29-40F7-B694-F959539ECC29}.Release|Any CPU.Build.0 = Release|Any CPU
	EndGlobalSection
	GlobalSection(SolutionProperties) = preSolution
		HideSolutionNode = FALSE
	EndGlobalSection
	GlobalSection(ExtensibilityGlobals) = postSolution
		SolutionGuid = {86969E1E-9F99-4B32-BEC4-946A672F385B}
	EndGlobalSection
EndGlobal
